PODS:
  - Alamofire (4.5.0)
  - Bolts/Tasks (1.8.4)
  - Parse (1.14.4):
    - Bolts/Tasks (~> 1.8)
  - PhoneNumberKit (2.0.0):
    - PhoneNumberKit/PhoneNumberKitCore (= 2.0.0)
    - PhoneNumberKit/UIKit (= 2.0.0)
  - PhoneNumberKit/PhoneNumberKitCore (2.0.0)
  - PhoneNumberKit/UIKit (2.0.0):
    - PhoneNumberKit/PhoneNumberKitCore
  - SwiftyJSON (3.1.4)

DEPENDENCIES:
  - Alamofire
  - Parse
  - PhoneNumberKit (~> 2.0)
  - SwiftyJSON

SPEC CHECKSUMS:
  Alamofire: f28cdffd29de33a7bfa022cbd63ae95a27fae140
  Bolts: 8a7995239dbe724f9cba2248b766d48b7ebdd322
  Parse: b0aa91d2c435e53d4a9af26e741e014c9b35c42e
  PhoneNumberKit: 073b3cef30c2a64ddcd623ea5953bc84bb5b3fc4
  SwiftyJSON: c2842d878f95482ffceec5709abc3d05680c0220

PODFILE CHECKSUM: 73d7c869afee95a0e7201d2429e4add2e594d764

COCOAPODS: 1.2.0
