PODS:
  - Alamofire (4.5.1)
  - Bolts/Tasks (1.8.4)
  - Parse (1.15.3):
    - Bolts/Tasks (~> 1.8)
  - PhoneNumberKit (2.0.0):
    - PhoneNumberKit/PhoneNumberKitCore (= 2.0.0)
    - PhoneNumberKit/UIKit (= 2.0.0)
  - PhoneNumberKit/PhoneNumberKitCore (2.0.0)
  - PhoneNumberKit/UIKit (2.0.0):
    - PhoneNumberKit/PhoneNumberKitCore
  - PKHUD (5.0.0)
  - SwiftyJSON (3.1.4)
  - SwipeCellKit (1.9.1)

DEPENDENCIES:
  - Alamofire
  - Parse
  - PhoneNumberKit (~> 2.0)
  - PKHUD
  - SwiftyJSON
  - SwipeCellKit (from `https://github.com/SwipeCellKit/SwipeCellKit.git`, branch `swift4`)

EXTERNAL SOURCES:
  SwipeCellKit:
    :branch: swift4
    :git: https://github.com/SwipeCellKit/SwipeCellKit.git

CHECKOUT OPTIONS:
  SwipeCellKit:
    :commit: ec99d5fcb9181f0ee22552f13c176754d91c4d67
    :git: https://github.com/SwipeCellKit/SwipeCellKit.git

SPEC CHECKSUMS:
  Alamofire: 2d95912bf4c34f164fdfc335872e8c312acaea4a
  Bolts: 8a7995239dbe724f9cba2248b766d48b7ebdd322
  Parse: cdc0f1f975ee8be0409e66f21b05df4ae067047c
  PhoneNumberKit: 073b3cef30c2a64ddcd623ea5953bc84bb5b3fc4
  PKHUD: 3c001512c6e002091184197a8de7a20420786e3b
  SwiftyJSON: c2842d878f95482ffceec5709abc3d05680c0220
  SwipeCellKit: 9fa65dd73e52e8fd139fec4d8f7d7cb44fa00559

PODFILE CHECKSUM: 0cfa995ad49144c772e47ba1e5dcd47b31a4e724

COCOAPODS: 1.2.0
