// !$*UTF8*$!
{
	archiveVersion = 1;
	classes = {
	};
	objectVersion = 46;
	objects = {

/* Begin PBXBuildFile section */
		037BBF779056E92B46C30911 /* Pods_invoiceMe.framework in Frameworks */ = {isa = PBXBuildFile; fileRef = 66A177C2C5AD8418A97ADB29 /* Pods_invoiceMe.framework */; };
		5E173CDD1F77B2E800095DE9 /* CustomCameraOverlayVC.swift in Sources */ = {isa = PBXBuildFile; fileRef = 5E173CDB1F77B2E800095DE9 /* CustomCameraOverlayVC.swift */; };
		5E173CDE1F77B2E800095DE9 /* CustomCameraOverlayVC.xib in Resources */ = {isa = PBXBuildFile; fileRef = 5E173CDC1F77B2E800095DE9 /* CustomCameraOverlayVC.xib */; };
		5E173CE11F77B92A00095DE9 /* CustomOverlayView.swift in Sources */ = {isa = PBXBuildFile; fileRef = 5E173CE01F77B92A00095DE9 /* CustomOverlayView.swift */; };
		5E2BE2771F77154B004CEDBA /* IME_RegistroTVC.swift in Sources */ = {isa = PBXBuildFile; fileRef = 5E2BE2761F77154B004CEDBA /* IME_RegistroTVC.swift */; };
		5E463F611F6D410D000B9DDE /* IME_TutorialVC.swift in Sources */ = {isa = PBXBuildFile; fileRef = 5E463F601F6D410D000B9DDE /* IME_TutorialVC.swift */; };
		5E463F631F6DC907000B9DDE /* IME_LoginTVC.swift in Sources */ = {isa = PBXBuildFile; fileRef = 5E463F621F6DC907000B9DDE /* IME_LoginTVC.swift */; };
		5E484B681F7E922900F7A63D /* LocalAuthentication.framework in Frameworks */ = {isa = PBXBuildFile; fileRef = 5E484B671F7E922800F7A63D /* LocalAuthentication.framework */; };
		5E62B7641F88CA1D00703672 /* IME_MasterFacturasCustomCell.swift in Sources */ = {isa = PBXBuildFile; fileRef = 5E62B7631F88CA1D00703672 /* IME_MasterFacturasCustomCell.swift */; };
		5EA0F7D21F78449C00F78B19 /* PKHUD.framework in Frameworks */ = {isa = PBXBuildFile; fileRef = 5EA0F7D31F78449C00F78B19 /* PKHUD.framework */; };
		5EA0F7D51F78611800F78B19 /* API_SignIn.swift in Sources */ = {isa = PBXBuildFile; fileRef = 5EA0F7D41F78611800F78B19 /* API_SignIn.swift */; };
		5EA6D3C61EFFC3490015C69F /* Pods_invoiceMe.framework in Frameworks */ = {isa = PBXBuildFile; fileRef = 5EA6D3C51EFFC3490015C69F /* Pods_invoiceMe.framework */; };
		5EE3D2451F7681320046DFDA /* Parse.framework in Frameworks */ = {isa = PBXBuildFile; fileRef = 5EE3D2461F7681320046DFDA /* Parse.framework */; };
		5EF2CCD81F06C0E0006184FE /* ProyectoManager.swift in Sources */ = {isa = PBXBuildFile; fileRef = 5EF2CCD71F06C0E0006184FE /* ProyectoManager.swift */; };
		5EF2CCDA1F06C351006184FE /* EmpresaManager.swift in Sources */ = {isa = PBXBuildFile; fileRef = 5EF2CCD91F06C351006184FE /* EmpresaManager.swift */; };
		5EF2CCDC1F06F370006184FE /* EmisorManager.swift in Sources */ = {isa = PBXBuildFile; fileRef = 5EF2CCDB1F06F370006184FE /* EmisorManager.swift */; };
		5EF2CCDE1F06F4F6006184FE /* ProductoManager.swift in Sources */ = {isa = PBXBuildFile; fileRef = 5EF2CCDD1F06F4F6006184FE /* ProductoManager.swift */; };
		5EF2CCE01F06F5F1006184FE /* DocumentoManager.swift in Sources */ = {isa = PBXBuildFile; fileRef = 5EF2CCDF1F06F5F1006184FE /* DocumentoManager.swift */; };
		5EF2CCE21F077E51006184FE /* API_ServicioDocumento.swift in Sources */ = {isa = PBXBuildFile; fileRef = 5EF2CCE11F077E51006184FE /* API_ServicioDocumento.swift */; };
		5EF2CCE71F07EEF5006184FE /* API_ServicioProductoBase.swift in Sources */ = {isa = PBXBuildFile; fileRef = 5EF2CCE61F07EEF5006184FE /* API_ServicioProductoBase.swift */; };
		5EF2CCE91F07F390006184FE /* API_ServicioEmisor.swift in Sources */ = {isa = PBXBuildFile; fileRef = 5EF2CCE81F07F390006184FE /* API_ServicioEmisor.swift */; };
		5EF2CCED1F08F93C006184FE /* IME_CrearDocumentoTVC.swift in Sources */ = {isa = PBXBuildFile; fileRef = 5EF2CCEC1F08F93C006184FE /* IME_CrearDocumentoTVC.swift */; };
		5EF2CCF01F09633E006184FE /* IME_EmisorTVC.swift in Sources */ = {isa = PBXBuildFile; fileRef = 5EF2CCEF1F09633E006184FE /* IME_EmisorTVC.swift */; };
		5EF2CCF21F09AAB1006184FE /* IME_ServicioWebVC.swift in Sources */ = {isa = PBXBuildFile; fileRef = 5EF2CCF11F09AAB1006184FE /* IME_ServicioWebVC.swift */; };
		5EF571231F7671FC00EBDDC0 /* PhoneNumberKit.framework in Frameworks */ = {isa = PBXBuildFile; fileRef = 5EF571241F7671FC00EBDDC0 /* PhoneNumberKit.framework */; };
		CC0004541F85277000B29B96 /* SwipeCellKit.framework in Frameworks */ = {isa = PBXBuildFile; fileRef = CC0004551F85277000B29B96 /* SwipeCellKit.framework */; };
		CC23745D1EF45C4500F658D6 /* IME_ListaClientesPrincipalTVC.swift in Sources */ = {isa = PBXBuildFile; fileRef = CC23745C1EF45C4500F658D6 /* IME_ListaClientesPrincipalTVC.swift */; };
		CC23D8A71F120EE500DBA8B6 /* IME_ListaProductosTVC.swift in Sources */ = {isa = PBXBuildFile; fileRef = CC23D8A61F120EE500DBA8B6 /* IME_ListaProductosTVC.swift */; };
		CC23D8A91F120FAB00DBA8B6 /* IME_ProductoCustomCell.swift in Sources */ = {isa = PBXBuildFile; fileRef = CC23D8A81F120FAB00DBA8B6 /* IME_ProductoCustomCell.swift */; };
		CC23D8AB1F123D0900DBA8B6 /* CoreDataStack.swift in Sources */ = {isa = PBXBuildFile; fileRef = CC23D8AA1F123D0900DBA8B6 /* CoreDataStack.swift */; };
		CC23D8B01F12B2F800DBA8B6 /* IME_VistaProductoTVC.swift in Sources */ = {isa = PBXBuildFile; fileRef = CC23D8AF1F12B2F800DBA8B6 /* IME_VistaProductoTVC.swift */; };
		CC23D8B21F12CB2700DBA8B6 /* CustomTextField.swift in Sources */ = {isa = PBXBuildFile; fileRef = CC23D8B11F12CB2700DBA8B6 /* CustomTextField.swift */; };
		CC3BD3581E75C63E000C5A1D /* API_ServicioEmpresa.swift in Sources */ = {isa = PBXBuildFile; fileRef = CC3BD3571E75C63E000C5A1D /* API_ServicioEmpresa.swift */; };
		CC3BD35A1E760DBB000C5A1D /* API_ServicioProyecto.swift in Sources */ = {isa = PBXBuildFile; fileRef = CC3BD3591E760DBB000C5A1D /* API_ServicioProyecto.swift */; };
		CC46FE161F967DD90044DBDE /* IME_MailComposeCustom.swift in Sources */ = {isa = PBXBuildFile; fileRef = CC46FE151F967DD90044DBDE /* IME_MailComposeCustom.swift */; };
		CC46FE181F9806E60044DBDE /* API_ServicioProducto.swift in Sources */ = {isa = PBXBuildFile; fileRef = CC46FE171F9806E60044DBDE /* API_ServicioProducto.swift */; };
		CC46FE1A1F9A41A60044DBDE /* IME_SeleccionProductosTVC.swift in Sources */ = {isa = PBXBuildFile; fileRef = CC46FE191F9A41A60044DBDE /* IME_SeleccionProductosTVC.swift */; };
		CC68BD561E717DFF005CC8E3 /* AppDelegate.swift in Sources */ = {isa = PBXBuildFile; fileRef = CC68BD551E717DFF005CC8E3 /* AppDelegate.swift */; };
		CC68BD5E1E717DFF005CC8E3 /* invoiceMe.xcdatamodeld in Sources */ = {isa = PBXBuildFile; fileRef = CC68BD5C1E717DFF005CC8E3 /* invoiceMe.xcdatamodeld */; };
		CC68BD631E717DFF005CC8E3 /* LaunchScreen.storyboard in Resources */ = {isa = PBXBuildFile; fileRef = CC68BD611E717DFF005CC8E3 /* LaunchScreen.storyboard */; };
		CC68BD6B1E717EC8005CC8E3 /* API_Utils.swift in Sources */ = {isa = PBXBuildFile; fileRef = CC68BD6A1E717EC8005CC8E3 /* API_Utils.swift */; };
		CC68BD721E717EF0005CC8E3 /* IME_ProjectBasicCell.swift in Sources */ = {isa = PBXBuildFile; fileRef = CC68BD701E717EF0005CC8E3 /* IME_ProjectBasicCell.swift */; };
		CC68BD731E717EF0005CC8E3 /* IME_ProjectBudgeCell.swift in Sources */ = {isa = PBXBuildFile; fileRef = CC68BD711E717EF0005CC8E3 /* IME_ProjectBudgeCell.swift */; };
		CC68BD771E717EF9005CC8E3 /* IME_PrimeraVentanaTBC.swift in Sources */ = {isa = PBXBuildFile; fileRef = CC68BD741E717EF9005CC8E3 /* IME_PrimeraVentanaTBC.swift */; };
		CC68BD781E717EF9005CC8E3 /* IME_IntroAnimacionVC.swift in Sources */ = {isa = PBXBuildFile; fileRef = CC68BD751E717EF9005CC8E3 /* IME_IntroAnimacionVC.swift */; };
		CC68BD791E717EF9005CC8E3 /* IME_HorasTVC.swift in Sources */ = {isa = PBXBuildFile; fileRef = CC68BD761E717EF9005CC8E3 /* IME_HorasTVC.swift */; };
		CC68BD7F1E717F03005CC8E3 /* IME_ProyectosTVC.swift in Sources */ = {isa = PBXBuildFile; fileRef = CC68BD7A1E717F03005CC8E3 /* IME_ProyectosTVC.swift */; };
		CC68BD801E717F03005CC8E3 /* IME_CrearProyectoNuevoTVC.swift in Sources */ = {isa = PBXBuildFile; fileRef = CC68BD7B1E717F03005CC8E3 /* IME_CrearProyectoNuevoTVC.swift */; };
		CC68BD811E717F03005CC8E3 /* IME_ListaClientesTVC.swift in Sources */ = {isa = PBXBuildFile; fileRef = CC68BD7C1E717F03005CC8E3 /* IME_ListaClientesTVC.swift */; };
		CC68BD821E717F03005CC8E3 /* IME_CrearClienteNuevoTVC.swift in Sources */ = {isa = PBXBuildFile; fileRef = CC68BD7D1E717F03005CC8E3 /* IME_CrearClienteNuevoTVC.swift */; };
		CC68BD831E717F03005CC8E3 /* IME_ColorCorporativoCCCell.swift in Sources */ = {isa = PBXBuildFile; fileRef = CC68BD7E1E717F03005CC8E3 /* IME_ColorCorporativoCCCell.swift */; };
		CC68BD891E717F0E005CC8E3 /* IME_OpcionesTVC.swift in Sources */ = {isa = PBXBuildFile; fileRef = CC68BD841E717F0E005CC8E3 /* IME_OpcionesTVC.swift */; };
		CC68BD8A1E717F0E005CC8E3 /* IME_EditarPerfilTVC.swift in Sources */ = {isa = PBXBuildFile; fileRef = CC68BD851E717F0E005CC8E3 /* IME_EditarPerfilTVC.swift */; };
		CC68BD8B1E717F0E005CC8E3 /* IME_NotificacionesTVC.swift in Sources */ = {isa = PBXBuildFile; fileRef = CC68BD861E717F0E005CC8E3 /* IME_NotificacionesTVC.swift */; };
		CC68BD8C1E717F0E005CC8E3 /* IME_EditarEmpresaTVC.swift in Sources */ = {isa = PBXBuildFile; fileRef = CC68BD871E717F0E005CC8E3 /* IME_EditarEmpresaTVC.swift */; };
		CC68BD8F1E717F35005CC8E3 /* Main.storyboard in Resources */ = {isa = PBXBuildFile; fileRef = CC68BD8E1E717F35005CC8E3 /* Main.storyboard */; };
		CC68BD911E717F8F005CC8E3 /* Assets.xcassets in Resources */ = {isa = PBXBuildFile; fileRef = CC68BD901E717F8F005CC8E3 /* Assets.xcassets */; };
		CC68BD951E7183A1005CC8E3 /* Podfile in Resources */ = {isa = PBXBuildFile; fileRef = CC68BD941E7183A1005CC8E3 /* Podfile */; };
		CC8782091F9A821D00811597 /* IME_InfoCustomCell.swift in Sources */ = {isa = PBXBuildFile; fileRef = CC8782081F9A821D00811597 /* IME_InfoCustomCell.swift */; };
		CC87820C1F9B439300811597 /* IME_NumeroCustomCell.swift in Sources */ = {isa = PBXBuildFile; fileRef = CC87820B1F9B439300811597 /* IME_NumeroCustomCell.swift */; };
		CC87820E1F9B43B000811597 /* IME_FechaEmisionCustomCell.swift in Sources */ = {isa = PBXBuildFile; fileRef = CC87820D1F9B43B000811597 /* IME_FechaEmisionCustomCell.swift */; };
		CC8782101F9B43C600811597 /* IME_FechaValidezCustomCell.swift in Sources */ = {isa = PBXBuildFile; fileRef = CC87820F1F9B43C600811597 /* IME_FechaValidezCustomCell.swift */; };
		CC8782121F9B43EC00811597 /* IME_NotaCustomCell.swift in Sources */ = {isa = PBXBuildFile; fileRef = CC8782111F9B43EC00811597 /* IME_NotaCustomCell.swift */; };
		CC8782141F9B441C00811597 /* IME_ProductoDocumentoCustomCell.swift in Sources */ = {isa = PBXBuildFile; fileRef = CC8782131F9B441C00811597 /* IME_ProductoDocumentoCustomCell.swift */; };
		CC8782161F9B443500811597 /* IME_BotonCustomCell.swift in Sources */ = {isa = PBXBuildFile; fileRef = CC8782151F9B443500811597 /* IME_BotonCustomCell.swift */; };
		CC8782181F9B446D00811597 /* IME_CrearDocumentoDynamicTVC.swift in Sources */ = {isa = PBXBuildFile; fileRef = CC8782171F9B446D00811597 /* IME_CrearDocumentoDynamicTVC.swift */; };
		CCBE72FB1E71852600BA8F28 /* Alamofire.framework in Frameworks */ = {isa = PBXBuildFile; fileRef = CCBE72F81E71852600BA8F28 /* Alamofire.framework */; };
		CCBE72FD1E71852600BA8F28 /* SwiftyJSON.framework in Frameworks */ = {isa = PBXBuildFile; fileRef = CCBE72FA1E71852600BA8F28 /* SwiftyJSON.framework */; };
		CCDBF6D61F8AAB76007C58FD /* IME_DetalleProyectoVC.swift in Sources */ = {isa = PBXBuildFile; fileRef = CCDBF6D51F8AAB76007C58FD /* IME_DetalleProyectoVC.swift */; };
/* End PBXBuildFile section */

/* Begin PBXFileReference section */
		5E173CDB1F77B2E800095DE9 /* CustomCameraOverlayVC.swift */ = {isa = PBXFileReference; lastKnownFileType = sourcecode.swift; path = CustomCameraOverlayVC.swift; sourceTree = "<group>"; };
		5E173CDC1F77B2E800095DE9 /* CustomCameraOverlayVC.xib */ = {isa = PBXFileReference; lastKnownFileType = file.xib; path = CustomCameraOverlayVC.xib; sourceTree = "<group>"; };
		5E173CE01F77B92A00095DE9 /* CustomOverlayView.swift */ = {isa = PBXFileReference; lastKnownFileType = sourcecode.swift; path = CustomOverlayView.swift; sourceTree = "<group>"; };
		5E2BE2761F77154B004CEDBA /* IME_RegistroTVC.swift */ = {isa = PBXFileReference; lastKnownFileType = sourcecode.swift; path = IME_RegistroTVC.swift; sourceTree = "<group>"; };
		5E463F5E1F6D3A9C000B9DDE /* Parse.framework */ = {isa = PBXFileReference; lastKnownFileType = wrapper.framework; name = Parse.framework; path = "../../Library/Developer/Xcode/DerivedData/invoiceMe-gmadscsvlyqjzlgjqoxfxeumshgf/Build/Products/Debug-iphoneos/Parse/Parse.framework"; sourceTree = "<group>"; };
		5E463F601F6D410D000B9DDE /* IME_TutorialVC.swift */ = {isa = PBXFileReference; fileEncoding = 4; lastKnownFileType = sourcecode.swift; path = IME_TutorialVC.swift; sourceTree = "<group>"; };
		5E463F621F6DC907000B9DDE /* IME_LoginTVC.swift */ = {isa = PBXFileReference; fileEncoding = 4; lastKnownFileType = sourcecode.swift; path = IME_LoginTVC.swift; sourceTree = "<group>"; };
		5E484B661F7E91EB00F7A63D /* EPSignature.framework */ = {isa = PBXFileReference; explicitFileType = wrapper.framework; path = EPSignature.framework; sourceTree = BUILT_PRODUCTS_DIR; };
		5E484B671F7E922800F7A63D /* LocalAuthentication.framework */ = {isa = PBXFileReference; lastKnownFileType = wrapper.framework; name = LocalAuthentication.framework; path = System/Library/Frameworks/LocalAuthentication.framework; sourceTree = SDKROOT; };
		5E62B7631F88CA1D00703672 /* IME_MasterFacturasCustomCell.swift */ = {isa = PBXFileReference; lastKnownFileType = sourcecode.swift; path = IME_MasterFacturasCustomCell.swift; sourceTree = "<group>"; };
		5EA0F7D31F78449C00F78B19 /* PKHUD.framework */ = {isa = PBXFileReference; explicitFileType = wrapper.framework; path = PKHUD.framework; sourceTree = BUILT_PRODUCTS_DIR; };
		5EA0F7D41F78611800F78B19 /* API_SignIn.swift */ = {isa = PBXFileReference; lastKnownFileType = sourcecode.swift; path = API_SignIn.swift; sourceTree = "<group>"; };
		5EA6D3C11EFFC0D70015C69F /* InteractiveSideMenu.framework */ = {isa = PBXFileReference; lastKnownFileType = wrapper.framework; name = InteractiveSideMenu.framework; path = "../../Library/Developer/Xcode/DerivedData/invoiceMe-gmadscsvlyqjzlgjqoxfxeumshgf/Build/Products/Debug-iphonesimulator/InteractiveSideMenu/InteractiveSideMenu.framework"; sourceTree = "<group>"; };
		5EA6D3C51EFFC3490015C69F /* Pods_invoiceMe.framework */ = {isa = PBXFileReference; lastKnownFileType = wrapper.framework; name = Pods_invoiceMe.framework; path = "../../Library/Developer/Xcode/DerivedData/invoiceMe-gmadscsvlyqjzlgjqoxfxeumshgf/Build/Products/Debug-iphonesimulator/Pods_invoiceMe.framework"; sourceTree = "<group>"; };
		5EE3D2461F7681320046DFDA /* Parse.framework */ = {isa = PBXFileReference; explicitFileType = wrapper.framework; path = Parse.framework; sourceTree = BUILT_PRODUCTS_DIR; };
		5EF2CCD71F06C0E0006184FE /* ProyectoManager.swift */ = {isa = PBXFileReference; fileEncoding = 4; lastKnownFileType = sourcecode.swift; path = ProyectoManager.swift; sourceTree = "<group>"; };
		5EF2CCD91F06C351006184FE /* EmpresaManager.swift */ = {isa = PBXFileReference; fileEncoding = 4; lastKnownFileType = sourcecode.swift; path = EmpresaManager.swift; sourceTree = "<group>"; };
		5EF2CCDB1F06F370006184FE /* EmisorManager.swift */ = {isa = PBXFileReference; fileEncoding = 4; lastKnownFileType = sourcecode.swift; path = EmisorManager.swift; sourceTree = "<group>"; };
		5EF2CCDD1F06F4F6006184FE /* ProductoManager.swift */ = {isa = PBXFileReference; fileEncoding = 4; lastKnownFileType = sourcecode.swift; path = ProductoManager.swift; sourceTree = "<group>"; };
		5EF2CCDF1F06F5F1006184FE /* DocumentoManager.swift */ = {isa = PBXFileReference; fileEncoding = 4; lastKnownFileType = sourcecode.swift; path = DocumentoManager.swift; sourceTree = "<group>"; };
		5EF2CCE11F077E51006184FE /* API_ServicioDocumento.swift */ = {isa = PBXFileReference; fileEncoding = 4; lastKnownFileType = sourcecode.swift; path = API_ServicioDocumento.swift; sourceTree = "<group>"; };
		5EF2CCE61F07EEF5006184FE /* API_ServicioProductoBase.swift */ = {isa = PBXFileReference; fileEncoding = 4; lastKnownFileType = sourcecode.swift; path = API_ServicioProductoBase.swift; sourceTree = "<group>"; };
		5EF2CCE81F07F390006184FE /* API_ServicioEmisor.swift */ = {isa = PBXFileReference; fileEncoding = 4; lastKnownFileType = sourcecode.swift; path = API_ServicioEmisor.swift; sourceTree = "<group>"; };
		5EF2CCEC1F08F93C006184FE /* IME_CrearDocumentoTVC.swift */ = {isa = PBXFileReference; fileEncoding = 4; lastKnownFileType = sourcecode.swift; path = IME_CrearDocumentoTVC.swift; sourceTree = "<group>"; };
		5EF2CCEF1F09633E006184FE /* IME_EmisorTVC.swift */ = {isa = PBXFileReference; fileEncoding = 4; lastKnownFileType = sourcecode.swift; path = IME_EmisorTVC.swift; sourceTree = "<group>"; };
		5EF2CCF11F09AAB1006184FE /* IME_ServicioWebVC.swift */ = {isa = PBXFileReference; fileEncoding = 4; lastKnownFileType = sourcecode.swift; path = IME_ServicioWebVC.swift; sourceTree = "<group>"; };
		5EF571241F7671FC00EBDDC0 /* PhoneNumberKit.framework */ = {isa = PBXFileReference; explicitFileType = wrapper.framework; path = PhoneNumberKit.framework; sourceTree = BUILT_PRODUCTS_DIR; };
		5EF571261F76720400EBDDC0 /* Bolts.framework */ = {isa = PBXFileReference; explicitFileType = wrapper.framework; path = Bolts.framework; sourceTree = BUILT_PRODUCTS_DIR; };
		66A177C2C5AD8418A97ADB29 /* Pods_invoiceMe.framework */ = {isa = PBXFileReference; explicitFileType = wrapper.framework; includeInIndex = 0; path = Pods_invoiceMe.framework; sourceTree = BUILT_PRODUCTS_DIR; };
		77A8D12782F6E96162A1B5E3 /* Pods-invoiceMe.debug.xcconfig */ = {isa = PBXFileReference; includeInIndex = 1; lastKnownFileType = text.xcconfig; name = "Pods-invoiceMe.debug.xcconfig"; path = "Pods/Target Support Files/Pods-invoiceMe/Pods-invoiceMe.debug.xcconfig"; sourceTree = "<group>"; };
		B5C10125A2879F48CCB5DDF9 /* Pods-invoiceMe.release.xcconfig */ = {isa = PBXFileReference; includeInIndex = 1; lastKnownFileType = text.xcconfig; name = "Pods-invoiceMe.release.xcconfig"; path = "Pods/Target Support Files/Pods-invoiceMe/Pods-invoiceMe.release.xcconfig"; sourceTree = "<group>"; };
		CC0004551F85277000B29B96 /* SwipeCellKit.framework */ = {isa = PBXFileReference; explicitFileType = wrapper.framework; path = SwipeCellKit.framework; sourceTree = BUILT_PRODUCTS_DIR; };
		CC23745C1EF45C4500F658D6 /* IME_ListaClientesPrincipalTVC.swift */ = {isa = PBXFileReference; fileEncoding = 4; lastKnownFileType = sourcecode.swift; path = IME_ListaClientesPrincipalTVC.swift; sourceTree = "<group>"; };
		CC23D8A61F120EE500DBA8B6 /* IME_ListaProductosTVC.swift */ = {isa = PBXFileReference; fileEncoding = 4; lastKnownFileType = sourcecode.swift; path = IME_ListaProductosTVC.swift; sourceTree = "<group>"; };
		CC23D8A81F120FAB00DBA8B6 /* IME_ProductoCustomCell.swift */ = {isa = PBXFileReference; fileEncoding = 4; lastKnownFileType = sourcecode.swift; path = IME_ProductoCustomCell.swift; sourceTree = "<group>"; };
		CC23D8AA1F123D0900DBA8B6 /* CoreDataStack.swift */ = {isa = PBXFileReference; fileEncoding = 4; lastKnownFileType = sourcecode.swift; path = CoreDataStack.swift; sourceTree = "<group>"; };
		CC23D8AF1F12B2F800DBA8B6 /* IME_VistaProductoTVC.swift */ = {isa = PBXFileReference; fileEncoding = 4; lastKnownFileType = sourcecode.swift; path = IME_VistaProductoTVC.swift; sourceTree = "<group>"; };
		CC23D8B11F12CB2700DBA8B6 /* CustomTextField.swift */ = {isa = PBXFileReference; fileEncoding = 4; lastKnownFileType = sourcecode.swift; path = CustomTextField.swift; sourceTree = "<group>"; };
		CC3BD3571E75C63E000C5A1D /* API_ServicioEmpresa.swift */ = {isa = PBXFileReference; fileEncoding = 4; lastKnownFileType = sourcecode.swift; path = API_ServicioEmpresa.swift; sourceTree = "<group>"; };
		CC3BD3591E760DBB000C5A1D /* API_ServicioProyecto.swift */ = {isa = PBXFileReference; fileEncoding = 4; lastKnownFileType = sourcecode.swift; path = API_ServicioProyecto.swift; sourceTree = "<group>"; };
		CC46FE151F967DD90044DBDE /* IME_MailComposeCustom.swift */ = {isa = PBXFileReference; lastKnownFileType = sourcecode.swift; path = IME_MailComposeCustom.swift; sourceTree = "<group>"; };
		CC46FE171F9806E60044DBDE /* API_ServicioProducto.swift */ = {isa = PBXFileReference; lastKnownFileType = sourcecode.swift; path = API_ServicioProducto.swift; sourceTree = "<group>"; };
		CC46FE191F9A41A60044DBDE /* IME_SeleccionProductosTVC.swift */ = {isa = PBXFileReference; lastKnownFileType = sourcecode.swift; path = IME_SeleccionProductosTVC.swift; sourceTree = "<group>"; };
		CC68BD521E717DFF005CC8E3 /* invoiceMe.app */ = {isa = PBXFileReference; explicitFileType = wrapper.application; includeInIndex = 0; path = invoiceMe.app; sourceTree = BUILT_PRODUCTS_DIR; };
		CC68BD551E717DFF005CC8E3 /* AppDelegate.swift */ = {isa = PBXFileReference; lastKnownFileType = sourcecode.swift; path = AppDelegate.swift; sourceTree = "<group>"; };
		CC68BD5D1E717DFF005CC8E3 /* invoiceMe.xcdatamodel */ = {isa = PBXFileReference; lastKnownFileType = wrapper.xcdatamodel; path = invoiceMe.xcdatamodel; sourceTree = "<group>"; };
		CC68BD621E717DFF005CC8E3 /* Base */ = {isa = PBXFileReference; lastKnownFileType = file.storyboard; name = Base; path = Base.lproj/LaunchScreen.storyboard; sourceTree = "<group>"; };
		CC68BD641E717DFF005CC8E3 /* Info.plist */ = {isa = PBXFileReference; lastKnownFileType = text.plist.xml; path = Info.plist; sourceTree = "<group>"; };
		CC68BD6A1E717EC8005CC8E3 /* API_Utils.swift */ = {isa = PBXFileReference; fileEncoding = 4; lastKnownFileType = sourcecode.swift; path = API_Utils.swift; sourceTree = "<group>"; };
		CC68BD701E717EF0005CC8E3 /* IME_ProjectBasicCell.swift */ = {isa = PBXFileReference; fileEncoding = 4; lastKnownFileType = sourcecode.swift; path = IME_ProjectBasicCell.swift; sourceTree = "<group>"; };
		CC68BD711E717EF0005CC8E3 /* IME_ProjectBudgeCell.swift */ = {isa = PBXFileReference; fileEncoding = 4; lastKnownFileType = sourcecode.swift; path = IME_ProjectBudgeCell.swift; sourceTree = "<group>"; };
		CC68BD741E717EF9005CC8E3 /* IME_PrimeraVentanaTBC.swift */ = {isa = PBXFileReference; fileEncoding = 4; lastKnownFileType = sourcecode.swift; path = IME_PrimeraVentanaTBC.swift; sourceTree = "<group>"; };
		CC68BD751E717EF9005CC8E3 /* IME_IntroAnimacionVC.swift */ = {isa = PBXFileReference; fileEncoding = 4; lastKnownFileType = sourcecode.swift; path = IME_IntroAnimacionVC.swift; sourceTree = "<group>"; };
		CC68BD761E717EF9005CC8E3 /* IME_HorasTVC.swift */ = {isa = PBXFileReference; fileEncoding = 4; lastKnownFileType = sourcecode.swift; path = IME_HorasTVC.swift; sourceTree = "<group>"; };
		CC68BD7A1E717F03005CC8E3 /* IME_ProyectosTVC.swift */ = {isa = PBXFileReference; fileEncoding = 4; lastKnownFileType = sourcecode.swift; path = IME_ProyectosTVC.swift; sourceTree = "<group>"; };
		CC68BD7B1E717F03005CC8E3 /* IME_CrearProyectoNuevoTVC.swift */ = {isa = PBXFileReference; fileEncoding = 4; lastKnownFileType = sourcecode.swift; path = IME_CrearProyectoNuevoTVC.swift; sourceTree = "<group>"; };
		CC68BD7C1E717F03005CC8E3 /* IME_ListaClientesTVC.swift */ = {isa = PBXFileReference; fileEncoding = 4; lastKnownFileType = sourcecode.swift; path = IME_ListaClientesTVC.swift; sourceTree = "<group>"; };
		CC68BD7D1E717F03005CC8E3 /* IME_CrearClienteNuevoTVC.swift */ = {isa = PBXFileReference; fileEncoding = 4; lastKnownFileType = sourcecode.swift; path = IME_CrearClienteNuevoTVC.swift; sourceTree = "<group>"; };
		CC68BD7E1E717F03005CC8E3 /* IME_ColorCorporativoCCCell.swift */ = {isa = PBXFileReference; fileEncoding = 4; lastKnownFileType = sourcecode.swift; path = IME_ColorCorporativoCCCell.swift; sourceTree = "<group>"; };
		CC68BD841E717F0E005CC8E3 /* IME_OpcionesTVC.swift */ = {isa = PBXFileReference; fileEncoding = 4; lastKnownFileType = sourcecode.swift; path = IME_OpcionesTVC.swift; sourceTree = "<group>"; };
		CC68BD851E717F0E005CC8E3 /* IME_EditarPerfilTVC.swift */ = {isa = PBXFileReference; fileEncoding = 4; lastKnownFileType = sourcecode.swift; path = IME_EditarPerfilTVC.swift; sourceTree = "<group>"; };
		CC68BD861E717F0E005CC8E3 /* IME_NotificacionesTVC.swift */ = {isa = PBXFileReference; fileEncoding = 4; lastKnownFileType = sourcecode.swift; path = IME_NotificacionesTVC.swift; sourceTree = "<group>"; };
		CC68BD871E717F0E005CC8E3 /* IME_EditarEmpresaTVC.swift */ = {isa = PBXFileReference; fileEncoding = 4; lastKnownFileType = sourcecode.swift; path = IME_EditarEmpresaTVC.swift; sourceTree = "<group>"; };
		CC68BD8E1E717F35005CC8E3 /* Main.storyboard */ = {isa = PBXFileReference; fileEncoding = 4; lastKnownFileType = file.storyboard; path = Main.storyboard; sourceTree = "<group>"; };
		CC68BD901E717F8F005CC8E3 /* Assets.xcassets */ = {isa = PBXFileReference; lastKnownFileType = folder.assetcatalog; path = Assets.xcassets; sourceTree = "<group>"; };
		CC68BD941E7183A1005CC8E3 /* Podfile */ = {isa = PBXFileReference; fileEncoding = 4; lastKnownFileType = text; path = Podfile; sourceTree = "<group>"; xcLanguageSpecificationIdentifier = xcode.lang.ruby; };
		CC8782081F9A821D00811597 /* IME_InfoCustomCell.swift */ = {isa = PBXFileReference; lastKnownFileType = sourcecode.swift; path = IME_InfoCustomCell.swift; sourceTree = "<group>"; };
		CC87820B1F9B439300811597 /* IME_NumeroCustomCell.swift */ = {isa = PBXFileReference; lastKnownFileType = sourcecode.swift; path = IME_NumeroCustomCell.swift; sourceTree = "<group>"; };
		CC87820D1F9B43B000811597 /* IME_FechaEmisionCustomCell.swift */ = {isa = PBXFileReference; lastKnownFileType = sourcecode.swift; path = IME_FechaEmisionCustomCell.swift; sourceTree = "<group>"; };
		CC87820F1F9B43C600811597 /* IME_FechaValidezCustomCell.swift */ = {isa = PBXFileReference; lastKnownFileType = sourcecode.swift; path = IME_FechaValidezCustomCell.swift; sourceTree = "<group>"; };
		CC8782111F9B43EC00811597 /* IME_NotaCustomCell.swift */ = {isa = PBXFileReference; lastKnownFileType = sourcecode.swift; path = IME_NotaCustomCell.swift; sourceTree = "<group>"; };
		CC8782131F9B441C00811597 /* IME_ProductoDocumentoCustomCell.swift */ = {isa = PBXFileReference; lastKnownFileType = sourcecode.swift; path = IME_ProductoDocumentoCustomCell.swift; sourceTree = "<group>"; };
		CC8782151F9B443500811597 /* IME_BotonCustomCell.swift */ = {isa = PBXFileReference; lastKnownFileType = sourcecode.swift; path = IME_BotonCustomCell.swift; sourceTree = "<group>"; };
		CC8782171F9B446D00811597 /* IME_CrearDocumentoDynamicTVC.swift */ = {isa = PBXFileReference; lastKnownFileType = sourcecode.swift; path = IME_CrearDocumentoDynamicTVC.swift; sourceTree = "<group>"; };
		CCBE72F81E71852600BA8F28 /* Alamofire.framework */ = {isa = PBXFileReference; lastKnownFileType = wrapper.framework; name = Alamofire.framework; path = "../../Library/Developer/Xcode/DerivedData/invoiceMe-adhrplllzgplmdgnmzynxvcbyifd/Build/Products/Debug-iphonesimulator/Alamofire/Alamofire.framework"; sourceTree = "<group>"; };
		CCBE72F91E71852600BA8F28 /* PhoneNumberKit.framework */ = {isa = PBXFileReference; lastKnownFileType = wrapper.framework; name = PhoneNumberKit.framework; path = "../../Library/Developer/Xcode/DerivedData/invoiceMe-adhrplllzgplmdgnmzynxvcbyifd/Build/Products/Debug-iphonesimulator/PhoneNumberKit/PhoneNumberKit.framework"; sourceTree = "<group>"; };
		CCBE72FA1E71852600BA8F28 /* SwiftyJSON.framework */ = {isa = PBXFileReference; lastKnownFileType = wrapper.framework; name = SwiftyJSON.framework; path = "../../Library/Developer/Xcode/DerivedData/invoiceMe-adhrplllzgplmdgnmzynxvcbyifd/Build/Products/Debug-iphonesimulator/SwiftyJSON/SwiftyJSON.framework"; sourceTree = "<group>"; };
		CCDBF6D51F8AAB76007C58FD /* IME_DetalleProyectoVC.swift */ = {isa = PBXFileReference; lastKnownFileType = sourcecode.swift; path = IME_DetalleProyectoVC.swift; sourceTree = "<group>"; };
/* End PBXFileReference section */

/* Begin PBXFrameworksBuildPhase section */
		CC68BD4F1E717DFF005CC8E3 /* Frameworks */ = {
			isa = PBXFrameworksBuildPhase;
			buildActionMask = 2147483647;
			files = (
				CC0004541F85277000B29B96 /* SwipeCellKit.framework in Frameworks */,
				5E484B681F7E922900F7A63D /* LocalAuthentication.framework in Frameworks */,
				5EA0F7D21F78449C00F78B19 /* PKHUD.framework in Frameworks */,
				5EE3D2451F7681320046DFDA /* Parse.framework in Frameworks */,
				5EF571231F7671FC00EBDDC0 /* PhoneNumberKit.framework in Frameworks */,
				5EA6D3C61EFFC3490015C69F /* Pods_invoiceMe.framework in Frameworks */,
				CCBE72FB1E71852600BA8F28 /* Alamofire.framework in Frameworks */,
				CCBE72FD1E71852600BA8F28 /* SwiftyJSON.framework in Frameworks */,
				037BBF779056E92B46C30911 /* Pods_invoiceMe.framework in Frameworks */,
			);
			runOnlyForDeploymentPostprocessing = 0;
		};
/* End PBXFrameworksBuildPhase section */

/* Begin PBXGroup section */
		5E173CDF1F77B2F400095DE9 /* CAMERA_OVERLAY */ = {
			isa = PBXGroup;
			children = (
				5E173CDB1F77B2E800095DE9 /* CustomCameraOverlayVC.swift */,
				5E173CE01F77B92A00095DE9 /* CustomOverlayView.swift */,
				5E173CDC1F77B2E800095DE9 /* CustomCameraOverlayVC.xib */,
			);
			name = CAMERA_OVERLAY;
			sourceTree = "<group>";
		};
		5E62B7651F88CA2800703672 /* DETALLE PROYECTO */ = {
			isa = PBXGroup;
			children = (
				CCDBF6D51F8AAB76007C58FD /* IME_DetalleProyectoVC.swift */,
				5E62B7661F88CCF700703672 /* CUSTOM CELLS */,
			);
			name = "DETALLE PROYECTO";
			sourceTree = "<group>";
		};
		5E62B7661F88CCF700703672 /* CUSTOM CELLS */ = {
			isa = PBXGroup;
			children = (
				5E62B7631F88CA1D00703672 /* IME_MasterFacturasCustomCell.swift */,
			);
			name = "CUSTOM CELLS";
			sourceTree = "<group>";
		};
		5EF2CCE31F078297006184FE /* MODEL+MAPPING */ = {
			isa = PBXGroup;
			children = (
				5EF2CCD71F06C0E0006184FE /* ProyectoManager.swift */,
				5EF2CCD91F06C351006184FE /* EmpresaManager.swift */,
				5EF2CCDB1F06F370006184FE /* EmisorManager.swift */,
				5EF2CCDD1F06F4F6006184FE /* ProductoManager.swift */,
				5EF2CCDF1F06F5F1006184FE /* DocumentoManager.swift */,
			);
			name = "MODEL+MAPPING";
			sourceTree = "<group>";
		};
		5EF2CCEA1F08DA61006184FE /* CLIENTES */ = {
			isa = PBXGroup;
			children = (
				CC23745C1EF45C4500F658D6 /* IME_ListaClientesPrincipalTVC.swift */,
				CC68BD7D1E717F03005CC8E3 /* IME_CrearClienteNuevoTVC.swift */,
			);
			name = CLIENTES;
			sourceTree = "<group>";
		};
		5EF2CCEB1F08DA6F006184FE /* HORAS */ = {
			isa = PBXGroup;
			children = (
				CC68BD761E717EF9005CC8E3 /* IME_HorasTVC.swift */,
			);
			name = HORAS;
			sourceTree = "<group>";
		};
		5EF2CCEE1F08F942006184FE /* CREAR DOCUMENTO */ = {
			isa = PBXGroup;
			children = (
				5EF2CCEC1F08F93C006184FE /* IME_CrearDocumentoTVC.swift */,
				CC8782171F9B446D00811597 /* IME_CrearDocumentoDynamicTVC.swift */,
				5EF2CCEF1F09633E006184FE /* IME_EmisorTVC.swift */,
				CC87820A1F9A822400811597 /* CUSTOM CELLS */,
				5EF2CCF11F09AAB1006184FE /* IME_ServicioWebVC.swift */,
				CC46FE191F9A41A60044DBDE /* IME_SeleccionProductosTVC.swift */,
			);
			name = "CREAR DOCUMENTO";
			sourceTree = "<group>";
		};
		AD72E7291F434B48007C976B /* Pods */ = {
			isa = PBXGroup;
			children = (
				77A8D12782F6E96162A1B5E3 /* Pods-invoiceMe.debug.xcconfig */,
				B5C10125A2879F48CCB5DDF9 /* Pods-invoiceMe.release.xcconfig */,
			);
			name = Pods;
			sourceTree = "<group>";
		};
		CC23745A1EF45B6300F658D6 /* INTRO|LOGIN|REGISTRO */ = {
			isa = PBXGroup;
			children = (
				CC68BD751E717EF9005CC8E3 /* IME_IntroAnimacionVC.swift */,
				5E463F621F6DC907000B9DDE /* IME_LoginTVC.swift */,
				5E2BE2761F77154B004CEDBA /* IME_RegistroTVC.swift */,
				5E463F601F6D410D000B9DDE /* IME_TutorialVC.swift */,
			);
			name = "INTRO|LOGIN|REGISTRO";
			sourceTree = "<group>";
		};
		CC23745B1EF45BA400F658D6 /* VISTAS PRINCIPALES */ = {
			isa = PBXGroup;
			children = (
				CC68BD741E717EF9005CC8E3 /* IME_PrimeraVentanaTBC.swift */,
				5EF2CCEB1F08DA6F006184FE /* HORAS */,
				CC3BD3541E74B16C000C5A1D /* PROYECTOS */,
				5EF2CCEA1F08DA61006184FE /* CLIENTES */,
				CC23745E1EF45C6300F658D6 /* OPCIONES */,
				5EF2CCEE1F08F942006184FE /* CREAR DOCUMENTO */,
				CC23D8A61F120EE500DBA8B6 /* IME_ListaProductosTVC.swift */,
				CC23D8A81F120FAB00DBA8B6 /* IME_ProductoCustomCell.swift */,
				CC23D8AF1F12B2F800DBA8B6 /* IME_VistaProductoTVC.swift */,
			);
			name = "VISTAS PRINCIPALES";
			sourceTree = "<group>";
		};
		CC23745E1EF45C6300F658D6 /* OPCIONES */ = {
			isa = PBXGroup;
			children = (
				CC68BD841E717F0E005CC8E3 /* IME_OpcionesTVC.swift */,
				CC68BD851E717F0E005CC8E3 /* IME_EditarPerfilTVC.swift */,
				CC68BD861E717F0E005CC8E3 /* IME_NotificacionesTVC.swift */,
				CC68BD871E717F0E005CC8E3 /* IME_EditarEmpresaTVC.swift */,
			);
			name = OPCIONES;
			sourceTree = "<group>";
		};
		CC23D8AE1F12426A00DBA8B6 /* SERVICIOS_COREDATA */ = {
			isa = PBXGroup;
			children = (
				5EF2CCE11F077E51006184FE /* API_ServicioDocumento.swift */,
				5EF2CCE81F07F390006184FE /* API_ServicioEmisor.swift */,
				CC3BD3571E75C63E000C5A1D /* API_ServicioEmpresa.swift */,
				CC3BD3591E760DBB000C5A1D /* API_ServicioProyecto.swift */,
				5EF2CCE61F07EEF5006184FE /* API_ServicioProductoBase.swift */,
				CC46FE171F9806E60044DBDE /* API_ServicioProducto.swift */,
			);
			name = SERVICIOS_COREDATA;
			sourceTree = "<group>";
		};
		CC23D8B31F12CB9400DBA8B6 /* VISTAS_PERSONALIZADAS */ = {
			isa = PBXGroup;
			children = (
				CC23D8B11F12CB2700DBA8B6 /* CustomTextField.swift */,
				CC46FE151F967DD90044DBDE /* IME_MailComposeCustom.swift */,
				5E173CDF1F77B2F400095DE9 /* CAMERA_OVERLAY */,
			);
			name = VISTAS_PERSONALIZADAS;
			sourceTree = "<group>";
		};
		CC3BD3541E74B16C000C5A1D /* PROYECTOS */ = {
			isa = PBXGroup;
			children = (
				CC68BD7A1E717F03005CC8E3 /* IME_ProyectosTVC.swift */,
				5E62B7651F88CA2800703672 /* DETALLE PROYECTO */,
				CC68BD931E718309005CC8E3 /* CUSTOM_CELLS */,
				CC68BD7B1E717F03005CC8E3 /* IME_CrearProyectoNuevoTVC.swift */,
				CC68BD7C1E717F03005CC8E3 /* IME_ListaClientesTVC.swift */,
			);
			name = PROYECTOS;
			sourceTree = "<group>";
		};
		CC68BD491E717DFF005CC8E3 = {
			isa = PBXGroup;
			children = (
				CC68BD941E7183A1005CC8E3 /* Podfile */,
				CC68BD541E717DFF005CC8E3 /* invoiceMe */,
				CC68BD531E717DFF005CC8E3 /* Products */,
				AD72E7291F434B48007C976B /* Pods */,
				E5E96FEF7CECC785D5DDAA51 /* Frameworks */,
			);
			sourceTree = "<group>";
		};
		CC68BD531E717DFF005CC8E3 /* Products */ = {
			isa = PBXGroup;
			children = (
				CC68BD521E717DFF005CC8E3 /* invoiceMe.app */,
			);
			name = Products;
			sourceTree = "<group>";
		};
		CC68BD541E717DFF005CC8E3 /* invoiceMe */ = {
			isa = PBXGroup;
			children = (
				CC68BD551E717DFF005CC8E3 /* AppDelegate.swift */,
				5EF2CCE31F078297006184FE /* MODEL+MAPPING */,
				CC23D8B31F12CB9400DBA8B6 /* VISTAS_PERSONALIZADAS */,
				CCBE72FE1E718E9B00BA8F28 /* APIS */,
				CC23745A1EF45B6300F658D6 /* INTRO|LOGIN|REGISTRO */,
				CC23745B1EF45BA400F658D6 /* VISTAS PRINCIPALES */,
				CC68BD901E717F8F005CC8E3 /* Assets.xcassets */,
				CC68BD8E1E717F35005CC8E3 /* Main.storyboard */,
				CC68BD611E717DFF005CC8E3 /* LaunchScreen.storyboard */,
				CC68BD641E717DFF005CC8E3 /* Info.plist */,
				CC68BD5C1E717DFF005CC8E3 /* invoiceMe.xcdatamodeld */,
			);
			path = invoiceMe;
			sourceTree = "<group>";
		};
		CC68BD931E718309005CC8E3 /* CUSTOM_CELLS */ = {
			isa = PBXGroup;
			children = (
				CC68BD701E717EF0005CC8E3 /* IME_ProjectBasicCell.swift */,
				CC68BD711E717EF0005CC8E3 /* IME_ProjectBudgeCell.swift */,
				CC68BD7E1E717F03005CC8E3 /* IME_ColorCorporativoCCCell.swift */,
			);
			name = CUSTOM_CELLS;
			sourceTree = "<group>";
		};
		CC87820A1F9A822400811597 /* CUSTOM CELLS */ = {
			isa = PBXGroup;
			children = (
				CC8782081F9A821D00811597 /* IME_InfoCustomCell.swift */,
				CC87820B1F9B439300811597 /* IME_NumeroCustomCell.swift */,
				CC87820D1F9B43B000811597 /* IME_FechaEmisionCustomCell.swift */,
				CC87820F1F9B43C600811597 /* IME_FechaValidezCustomCell.swift */,
				CC8782111F9B43EC00811597 /* IME_NotaCustomCell.swift */,
				CC8782131F9B441C00811597 /* IME_ProductoDocumentoCustomCell.swift */,
				CC8782151F9B443500811597 /* IME_BotonCustomCell.swift */,
			);
			name = "CUSTOM CELLS";
			sourceTree = "<group>";
		};
		CCBE72FE1E718E9B00BA8F28 /* APIS */ = {
			isa = PBXGroup;
			children = (
				CC23D8AE1F12426A00DBA8B6 /* SERVICIOS_COREDATA */,
				CC68BD6A1E717EC8005CC8E3 /* API_Utils.swift */,
				5EA0F7D41F78611800F78B19 /* API_SignIn.swift */,
				CC23D8AA1F123D0900DBA8B6 /* CoreDataStack.swift */,
			);
			name = APIS;
			sourceTree = "<group>";
		};
		E5E96FEF7CECC785D5DDAA51 /* Frameworks */ = {
			isa = PBXGroup;
			children = (
				CC0004551F85277000B29B96 /* SwipeCellKit.framework */,
				5E484B671F7E922800F7A63D /* LocalAuthentication.framework */,
				5E484B661F7E91EB00F7A63D /* EPSignature.framework */,
				5EA0F7D31F78449C00F78B19 /* PKHUD.framework */,
				5EE3D2461F7681320046DFDA /* Parse.framework */,
				5EF571261F76720400EBDDC0 /* Bolts.framework */,
				5EF571241F7671FC00EBDDC0 /* PhoneNumberKit.framework */,
				5E463F5E1F6D3A9C000B9DDE /* Parse.framework */,
				5EA6D3C51EFFC3490015C69F /* Pods_invoiceMe.framework */,
				5EA6D3C11EFFC0D70015C69F /* InteractiveSideMenu.framework */,
				CCBE72F81E71852600BA8F28 /* Alamofire.framework */,
				CCBE72F91E71852600BA8F28 /* PhoneNumberKit.framework */,
				CCBE72FA1E71852600BA8F28 /* SwiftyJSON.framework */,
				66A177C2C5AD8418A97ADB29 /* Pods_invoiceMe.framework */,
			);
			name = Frameworks;
			sourceTree = "<group>";
		};
/* End PBXGroup section */

/* Begin PBXNativeTarget section */
		CC68BD511E717DFF005CC8E3 /* invoiceMe */ = {
			isa = PBXNativeTarget;
			buildConfigurationList = CC68BD671E717DFF005CC8E3 /* Build configuration list for PBXNativeTarget "invoiceMe" */;
			buildPhases = (
				5DD76E290E176EC1C8C9B25B /* [CP] Check Pods Manifest.lock */,
				CC68BD4E1E717DFF005CC8E3 /* Sources */,
				CC68BD4F1E717DFF005CC8E3 /* Frameworks */,
				CC68BD501E717DFF005CC8E3 /* Resources */,
				6C7A7735C42E2E91CC649BA7 /* [CP] Embed Pods Frameworks */,
				91BDF692AAE4D02977D9BE0B /* [CP] Copy Pods Resources */,
			);
			buildRules = (
			);
			dependencies = (
			);
			name = invoiceMe;
			productName = invoiceMe;
			productReference = CC68BD521E717DFF005CC8E3 /* invoiceMe.app */;
			productType = "com.apple.product-type.application";
		};
/* End PBXNativeTarget section */

/* Begin PBXProject section */
		CC68BD4A1E717DFF005CC8E3 /* Project object */ = {
			isa = PBXProject;
			attributes = {
				LastSwiftUpdateCheck = 0820;
				LastUpgradeCheck = 0900;
				ORGANIZATIONNAME = gmbDesign;
				TargetAttributes = {
					CC68BD511E717DFF005CC8E3 = {
						CreatedOnToolsVersion = 8.2.1;
						DevelopmentTeam = X85M3GJSM3;
						LastSwiftMigration = 0900;
						ProvisioningStyle = Automatic;
					};
				};
			};
			buildConfigurationList = CC68BD4D1E717DFF005CC8E3 /* Build configuration list for PBXProject "invoiceMe" */;
			compatibilityVersion = "Xcode 3.2";
			developmentRegion = English;
			hasScannedForEncodings = 0;
			knownRegions = (
				en,
				Base,
			);
			mainGroup = CC68BD491E717DFF005CC8E3;
			productRefGroup = CC68BD531E717DFF005CC8E3 /* Products */;
			projectDirPath = "";
			projectRoot = "";
			targets = (
				CC68BD511E717DFF005CC8E3 /* invoiceMe */,
			);
		};
/* End PBXProject section */

/* Begin PBXResourcesBuildPhase section */
		CC68BD501E717DFF005CC8E3 /* Resources */ = {
			isa = PBXResourcesBuildPhase;
			buildActionMask = 2147483647;
			files = (
				CC68BD8F1E717F35005CC8E3 /* Main.storyboard in Resources */,
				CC68BD911E717F8F005CC8E3 /* Assets.xcassets in Resources */,
				CC68BD951E7183A1005CC8E3 /* Podfile in Resources */,
				CC68BD631E717DFF005CC8E3 /* LaunchScreen.storyboard in Resources */,
				5E173CDE1F77B2E800095DE9 /* CustomCameraOverlayVC.xib in Resources */,
			);
			runOnlyForDeploymentPostprocessing = 0;
		};
/* End PBXResourcesBuildPhase section */

/* Begin PBXShellScriptBuildPhase section */
		5DD76E290E176EC1C8C9B25B /* [CP] Check Pods Manifest.lock */ = {
			isa = PBXShellScriptBuildPhase;
			buildActionMask = 2147483647;
			files = (
			);
			inputPaths = (
			);
			name = "[CP] Check Pods Manifest.lock";
			outputPaths = (
			);
			runOnlyForDeploymentPostprocessing = 0;
			shellPath = /bin/sh;
			shellScript = "diff \"${PODS_ROOT}/../Podfile.lock\" \"${PODS_ROOT}/Manifest.lock\" > /dev/null\nif [ $? != 0 ] ; then\n    # print error to STDERR\n    echo \"error: The sandbox is not in sync with the Podfile.lock. Run 'pod install' or update your CocoaPods installation.\" >&2\n    exit 1\nfi\n";
			showEnvVarsInLog = 0;
		};
		6C7A7735C42E2E91CC649BA7 /* [CP] Embed Pods Frameworks */ = {
			isa = PBXShellScriptBuildPhase;
			buildActionMask = 2147483647;
			files = (
			);
			inputPaths = (
			);
			name = "[CP] Embed Pods Frameworks";
			outputPaths = (
			);
			runOnlyForDeploymentPostprocessing = 0;
			shellPath = /bin/sh;
			shellScript = "\"${SRCROOT}/Pods/Target Support Files/Pods-invoiceMe/Pods-invoiceMe-frameworks.sh\"\n";
			showEnvVarsInLog = 0;
		};
		91BDF692AAE4D02977D9BE0B /* [CP] Copy Pods Resources */ = {
			isa = PBXShellScriptBuildPhase;
			buildActionMask = 2147483647;
			files = (
			);
			inputPaths = (
			);
			name = "[CP] Copy Pods Resources";
			outputPaths = (
			);
			runOnlyForDeploymentPostprocessing = 0;
			shellPath = /bin/sh;
			shellScript = "\"${SRCROOT}/Pods/Target Support Files/Pods-invoiceMe/Pods-invoiceMe-resources.sh\"\n";
			showEnvVarsInLog = 0;
		};
/* End PBXShellScriptBuildPhase section */

/* Begin PBXSourcesBuildPhase section */
		CC68BD4E1E717DFF005CC8E3 /* Sources */ = {
			isa = PBXSourcesBuildPhase;
			buildActionMask = 2147483647;
			files = (
				CC8782101F9B43C600811597 /* IME_FechaValidezCustomCell.swift in Sources */,
				CC87820C1F9B439300811597 /* IME_NumeroCustomCell.swift in Sources */,
				CC46FE181F9806E60044DBDE /* API_ServicioProducto.swift in Sources */,
				5EF2CCF01F09633E006184FE /* IME_EmisorTVC.swift in Sources */,
				5EF2CCE71F07EEF5006184FE /* API_ServicioProductoBase.swift in Sources */,
				CC68BD721E717EF0005CC8E3 /* IME_ProjectBasicCell.swift in Sources */,
				5EF2CCE21F077E51006184FE /* API_ServicioDocumento.swift in Sources */,
				5EF2CCDE1F06F4F6006184FE /* ProductoManager.swift in Sources */,
				5EF2CCE91F07F390006184FE /* API_ServicioEmisor.swift in Sources */,
				CC68BD8C1E717F0E005CC8E3 /* IME_EditarEmpresaTVC.swift in Sources */,
				5EF2CCD81F06C0E0006184FE /* ProyectoManager.swift in Sources */,
				CC46FE161F967DD90044DBDE /* IME_MailComposeCustom.swift in Sources */,
				CC68BD791E717EF9005CC8E3 /* IME_HorasTVC.swift in Sources */,
				CC68BD821E717F03005CC8E3 /* IME_CrearClienteNuevoTVC.swift in Sources */,
				CC8782181F9B446D00811597 /* IME_CrearDocumentoDynamicTVC.swift in Sources */,
				5EF2CCDA1F06C351006184FE /* EmpresaManager.swift in Sources */,
				5E62B7641F88CA1D00703672 /* IME_MasterFacturasCustomCell.swift in Sources */,
				CC68BD561E717DFF005CC8E3 /* AppDelegate.swift in Sources */,
				CC23D8B21F12CB2700DBA8B6 /* CustomTextField.swift in Sources */,
				CC68BD831E717F03005CC8E3 /* IME_ColorCorporativoCCCell.swift in Sources */,
				CCDBF6D61F8AAB76007C58FD /* IME_DetalleProyectoVC.swift in Sources */,
				CC23D8AB1F123D0900DBA8B6 /* CoreDataStack.swift in Sources */,
				CC68BD5E1E717DFF005CC8E3 /* invoiceMe.xcdatamodeld in Sources */,
				CC8782091F9A821D00811597 /* IME_InfoCustomCell.swift in Sources */,
				5E173CE11F77B92A00095DE9 /* CustomOverlayView.swift in Sources */,
				5EF2CCE01F06F5F1006184FE /* DocumentoManager.swift in Sources */,
				5EF2CCF21F09AAB1006184FE /* IME_ServicioWebVC.swift in Sources */,
				CC8782121F9B43EC00811597 /* IME_NotaCustomCell.swift in Sources */,
				5E463F631F6DC907000B9DDE /* IME_LoginTVC.swift in Sources */,
				CC68BD801E717F03005CC8E3 /* IME_CrearProyectoNuevoTVC.swift in Sources */,
				CC8782161F9B443500811597 /* IME_BotonCustomCell.swift in Sources */,
				CC46FE1A1F9A41A60044DBDE /* IME_SeleccionProductosTVC.swift in Sources */,
				CC23D8A71F120EE500DBA8B6 /* IME_ListaProductosTVC.swift in Sources */,
				5EF2CCED1F08F93C006184FE /* IME_CrearDocumentoTVC.swift in Sources */,
				CC68BD891E717F0E005CC8E3 /* IME_OpcionesTVC.swift in Sources */,
				5EF2CCDC1F06F370006184FE /* EmisorManager.swift in Sources */,
				CC68BD6B1E717EC8005CC8E3 /* API_Utils.swift in Sources */,
				5EA0F7D51F78611800F78B19 /* API_SignIn.swift in Sources */,
				CC68BD8B1E717F0E005CC8E3 /* IME_NotificacionesTVC.swift in Sources */,
				CC68BD771E717EF9005CC8E3 /* IME_PrimeraVentanaTBC.swift in Sources */,
				5E173CDD1F77B2E800095DE9 /* CustomCameraOverlayVC.swift in Sources */,
				5E2BE2771F77154B004CEDBA /* IME_RegistroTVC.swift in Sources */,
				CC87820E1F9B43B000811597 /* IME_FechaEmisionCustomCell.swift in Sources */,
				CC68BD811E717F03005CC8E3 /* IME_ListaClientesTVC.swift in Sources */,
				CC3BD35A1E760DBB000C5A1D /* API_ServicioProyecto.swift in Sources */,
				CC3BD3581E75C63E000C5A1D /* API_ServicioEmpresa.swift in Sources */,
				5E463F611F6D410D000B9DDE /* IME_TutorialVC.swift in Sources */,
				CC23D8A91F120FAB00DBA8B6 /* IME_ProductoCustomCell.swift in Sources */,
				CC23745D1EF45C4500F658D6 /* IME_ListaClientesPrincipalTVC.swift in Sources */,
				CC68BD8A1E717F0E005CC8E3 /* IME_EditarPerfilTVC.swift in Sources */,
				CC68BD7F1E717F03005CC8E3 /* IME_ProyectosTVC.swift in Sources */,
				CC68BD731E717EF0005CC8E3 /* IME_ProjectBudgeCell.swift in Sources */,
				CC8782141F9B441C00811597 /* IME_ProductoDocumentoCustomCell.swift in Sources */,
				CC68BD781E717EF9005CC8E3 /* IME_IntroAnimacionVC.swift in Sources */,
				CC23D8B01F12B2F800DBA8B6 /* IME_VistaProductoTVC.swift in Sources */,
			);
			runOnlyForDeploymentPostprocessing = 0;
		};
/* End PBXSourcesBuildPhase section */

/* Begin PBXVariantGroup section */
		CC68BD611E717DFF005CC8E3 /* LaunchScreen.storyboard */ = {
			isa = PBXVariantGroup;
			children = (
				CC68BD621E717DFF005CC8E3 /* Base */,
			);
			name = LaunchScreen.storyboard;
			sourceTree = "<group>";
		};
/* End PBXVariantGroup section */

/* Begin XCBuildConfiguration section */
		CC68BD651E717DFF005CC8E3 /* Debug */ = {
			isa = XCBuildConfiguration;
			buildSettings = {
				ALWAYS_SEARCH_USER_PATHS = NO;
				CLANG_ANALYZER_NONNULL = YES;
				CLANG_CXX_LANGUAGE_STANDARD = "gnu++0x";
				CLANG_CXX_LIBRARY = "libc++";
				CLANG_ENABLE_MODULES = YES;
				CLANG_ENABLE_OBJC_ARC = YES;
				CLANG_WARN_BLOCK_CAPTURE_AUTORELEASING = YES;
				CLANG_WARN_BOOL_CONVERSION = YES;
				CLANG_WARN_COMMA = YES;
				CLANG_WARN_CONSTANT_CONVERSION = YES;
				CLANG_WARN_DIRECT_OBJC_ISA_USAGE = YES_ERROR;
				CLANG_WARN_DOCUMENTATION_COMMENTS = YES;
				CLANG_WARN_EMPTY_BODY = YES;
				CLANG_WARN_ENUM_CONVERSION = YES;
				CLANG_WARN_INFINITE_RECURSION = YES;
				CLANG_WARN_INT_CONVERSION = YES;
				CLANG_WARN_NON_LITERAL_NULL_CONVERSION = YES;
				CLANG_WARN_OBJC_LITERAL_CONVERSION = YES;
				CLANG_WARN_OBJC_ROOT_CLASS = YES_ERROR;
				CLANG_WARN_RANGE_LOOP_ANALYSIS = YES;
				CLANG_WARN_STRICT_PROTOTYPES = YES;
				CLANG_WARN_SUSPICIOUS_MOVE = YES;
				CLANG_WARN_UNREACHABLE_CODE = YES;
				CLANG_WARN__DUPLICATE_METHOD_MATCH = YES;
				"CODE_SIGN_IDENTITY[sdk=iphoneos*]" = "iPhone Developer";
				COPY_PHASE_STRIP = NO;
				DEBUG_INFORMATION_FORMAT = dwarf;
				ENABLE_STRICT_OBJC_MSGSEND = YES;
				ENABLE_TESTABILITY = YES;
				GCC_C_LANGUAGE_STANDARD = gnu99;
				GCC_DYNAMIC_NO_PIC = NO;
				GCC_NO_COMMON_BLOCKS = YES;
				GCC_OPTIMIZATION_LEVEL = 0;
				GCC_PREPROCESSOR_DEFINITIONS = (
					"DEBUG=1",
					"$(inherited)",
				);
				GCC_WARN_64_TO_32_BIT_CONVERSION = YES;
				GCC_WARN_ABOUT_RETURN_TYPE = YES_ERROR;
				GCC_WARN_UNDECLARED_SELECTOR = YES;
				GCC_WARN_UNINITIALIZED_AUTOS = YES_AGGRESSIVE;
				GCC_WARN_UNUSED_FUNCTION = YES;
				GCC_WARN_UNUSED_VARIABLE = YES;
				IPHONEOS_DEPLOYMENT_TARGET = 10.0;
				MTL_ENABLE_DEBUG_INFO = YES;
				ONLY_ACTIVE_ARCH = YES;
				SDKROOT = iphoneos;
				SWIFT_ACTIVE_COMPILATION_CONDITIONS = DEBUG;
				SWIFT_OPTIMIZATION_LEVEL = "-Onone";
			};
			name = Debug;
		};
		CC68BD661E717DFF005CC8E3 /* Release */ = {
			isa = XCBuildConfiguration;
			buildSettings = {
				ALWAYS_SEARCH_USER_PATHS = NO;
				CLANG_ANALYZER_NONNULL = YES;
				CLANG_CXX_LANGUAGE_STANDARD = "gnu++0x";
				CLANG_CXX_LIBRARY = "libc++";
				CLANG_ENABLE_MODULES = YES;
				CLANG_ENABLE_OBJC_ARC = YES;
				CLANG_WARN_BLOCK_CAPTURE_AUTORELEASING = YES;
				CLANG_WARN_BOOL_CONVERSION = YES;
				CLANG_WARN_COMMA = YES;
				CLANG_WARN_CONSTANT_CONVERSION = YES;
				CLANG_WARN_DIRECT_OBJC_ISA_USAGE = YES_ERROR;
				CLANG_WARN_DOCUMENTATION_COMMENTS = YES;
				CLANG_WARN_EMPTY_BODY = YES;
				CLANG_WARN_ENUM_CONVERSION = YES;
				CLANG_WARN_INFINITE_RECURSION = YES;
				CLANG_WARN_INT_CONVERSION = YES;
				CLANG_WARN_NON_LITERAL_NULL_CONVERSION = YES;
				CLANG_WARN_OBJC_LITERAL_CONVERSION = YES;
				CLANG_WARN_OBJC_ROOT_CLASS = YES_ERROR;
				CLANG_WARN_RANGE_LOOP_ANALYSIS = YES;
				CLANG_WARN_STRICT_PROTOTYPES = YES;
				CLANG_WARN_SUSPICIOUS_MOVE = YES;
				CLANG_WARN_UNREACHABLE_CODE = YES;
				CLANG_WARN__DUPLICATE_METHOD_MATCH = YES;
				"CODE_SIGN_IDENTITY[sdk=iphoneos*]" = "iPhone Developer";
				COPY_PHASE_STRIP = NO;
				DEBUG_INFORMATION_FORMAT = "dwarf-with-dsym";
				ENABLE_NS_ASSERTIONS = NO;
				ENABLE_STRICT_OBJC_MSGSEND = YES;
				GCC_C_LANGUAGE_STANDARD = gnu99;
				GCC_NO_COMMON_BLOCKS = YES;
				GCC_WARN_64_TO_32_BIT_CONVERSION = YES;
				GCC_WARN_ABOUT_RETURN_TYPE = YES_ERROR;
				GCC_WARN_UNDECLARED_SELECTOR = YES;
				GCC_WARN_UNINITIALIZED_AUTOS = YES_AGGRESSIVE;
				GCC_WARN_UNUSED_FUNCTION = YES;
				GCC_WARN_UNUSED_VARIABLE = YES;
				IPHONEOS_DEPLOYMENT_TARGET = 10.0;
				MTL_ENABLE_DEBUG_INFO = NO;
				SDKROOT = iphoneos;
				SWIFT_OPTIMIZATION_LEVEL = "-Owholemodule";
				VALIDATE_PRODUCT = YES;
			};
			name = Release;
		};
		CC68BD681E717DFF005CC8E3 /* Debug */ = {
			isa = XCBuildConfiguration;
			baseConfigurationReference = 77A8D12782F6E96162A1B5E3 /* Pods-invoiceMe.debug.xcconfig */;
			buildSettings = {
				ASSETCATALOG_COMPILER_APPICON_NAME = AppIcon;
				DEVELOPMENT_TEAM = X85M3GJSM3;
				FRAMEWORK_SEARCH_PATHS = (
					"$(inherited)",
					"\"$PODS_CONFIGURATION_BUILD_DIR/Alamofire\"",
					"\"$PODS_CONFIGURATION_BUILD_DIR/Parse\"",
					"\"$PODS_CONFIGURATION_BUILD_DIR/PhoneNumberKit\"",
					"\"$PODS_CONFIGURATION_BUILD_DIR/SwiftyJSON\"",
				);
				INFOPLIST_FILE = invoiceMe/Info.plist;
				IPHONEOS_DEPLOYMENT_TARGET = 10.0;
				LD_RUNPATH_SEARCH_PATHS = "$(inherited) @executable_path/Frameworks";
				PRODUCT_BUNDLE_IDENTIFIER = com.gmbdesign.ios.app.invoiceMe;
				PRODUCT_NAME = "$(TARGET_NAME)";
				SWIFT_SWIFT3_OBJC_INFERENCE = On;
				SWIFT_VERSION = 4.0;
			};
			name = Debug;
		};
		CC68BD691E717DFF005CC8E3 /* Release */ = {
			isa = XCBuildConfiguration;
			baseConfigurationReference = B5C10125A2879F48CCB5DDF9 /* Pods-invoiceMe.release.xcconfig */;
			buildSettings = {
				ASSETCATALOG_COMPILER_APPICON_NAME = AppIcon;
				DEVELOPMENT_TEAM = X85M3GJSM3;
				FRAMEWORK_SEARCH_PATHS = (
					"$(inherited)",
					"\"$PODS_CONFIGURATION_BUILD_DIR/Alamofire\"",
					"\"$PODS_CONFIGURATION_BUILD_DIR/PhoneNumberKit\"",
					"\"$PODS_CONFIGURATION_BUILD_DIR/Parse\"",
					"\"$PODS_CONFIGURATION_BUILD_DIR/SwiftyJSON\"",
				);
				INFOPLIST_FILE = invoiceMe/Info.plist;
				IPHONEOS_DEPLOYMENT_TARGET = 10.0;
				LD_RUNPATH_SEARCH_PATHS = "$(inherited) @executable_path/Frameworks";
				PRODUCT_BUNDLE_IDENTIFIER = com.gmbdesign.ios.app.invoiceMe;
				PRODUCT_NAME = "$(TARGET_NAME)";
				SWIFT_SWIFT3_OBJC_INFERENCE = On;
				SWIFT_VERSION = 4.0;
			};
			name = Release;
		};
/* End XCBuildConfiguration section */

/* Begin XCConfigurationList section */
		CC68BD4D1E717DFF005CC8E3 /* Build configuration list for PBXProject "invoiceMe" */ = {
			isa = XCConfigurationList;
			buildConfigurations = (
				CC68BD651E717DFF005CC8E3 /* Debug */,
				CC68BD661E717DFF005CC8E3 /* Release */,
			);
			defaultConfigurationIsVisible = 0;
			defaultConfigurationName = Release;
		};
		CC68BD671E717DFF005CC8E3 /* Build configuration list for PBXNativeTarget "invoiceMe" */ = {
			isa = XCConfigurationList;
			buildConfigurations = (
				CC68BD681E717DFF005CC8E3 /* Debug */,
				CC68BD691E717DFF005CC8E3 /* Release */,
			);
			defaultConfigurationIsVisible = 0;
			defaultConfigurationName = Release;
		};
/* End XCConfigurationList section */

/* Begin XCVersionGroup section */
		CC68BD5C1E717DFF005CC8E3 /* invoiceMe.xcdatamodeld */ = {
			isa = XCVersionGroup;
			children = (
				CC68BD5D1E717DFF005CC8E3 /* invoiceMe.xcdatamodel */,
			);
			currentVersion = CC68BD5D1E717DFF005CC8E3 /* invoiceMe.xcdatamodel */;
			path = invoiceMe.xcdatamodeld;
			sourceTree = "<group>";
			versionGroupType = wrapper.xcdatamodel;
		};
/* End XCVersionGroup section */
	};
	rootObject = CC68BD4A1E717DFF005CC8E3 /* Project object */;
}
